
Microsoft Visual Studio Solution File, Format Version 12.00
# Visual Studio Version 16
VisualStudioVersion = 16.0.31112.23
MinimumVisualStudioVersion = 10.0.40219.1
Project("{9A19103F-16F7-4668-BE54-9A1E7A4F7556}") = "DestinationboardServer", "DestinationboardServer\DestinationboardServer.csproj", "{3EA4CA5C-254A-4926-B24F-00410E8E0823}"
EndProject
Project("{9A19103F-16F7-4668-BE54-9A1E7A4F7556}") = "DestinationboardCommunicationLibrary", "..\DestinationboardCommunicationLibrary\DestinationboardCommunicationLibrary\DestinationboardCommunicationLibrary\DestinationboardCommunicationLibrary.csproj", "{AF43CE12-69FB-47D1-A009-DA66EC8566A5}"
EndProject
Global
	GlobalSection(SolutionConfigurationPlatforms) = preSolution
		Debug|Any CPU = Debug|Any CPU
		Release|Any CPU = Release|Any CPU
	EndGlobalSection
	GlobalSection(ProjectConfigurationPlatforms) = postSolution
		{3EA4CA5C-254A-4926-B24F-00410E8E0823}.Debug|Any CPU.ActiveCfg = Debug|Any CPU
		{3EA4CA5C-254A-4926-B24F-00410E8E0823}.Debug|Any CPU.Build.0 = Debug|Any CPU
		{3EA4CA5C-254A-4926-B24F-00410E8E0823}.Release|Any CPU.ActiveCfg = Release|Any CPU
		{3EA4CA5C-254A-4926-B24F-00410E8E0823}.Release|Any CPU.Build.0 = Release|Any CPU
		{AF43CE12-69FB-47D1-A009-DA66EC8566A5}.Debug|Any CPU.ActiveCfg = Debug|Any CPU
		{AF43CE12-69FB-47D1-A009-DA66EC8566A5}.Debug|Any CPU.Build.0 = Debug|Any CPU
		{AF43CE12-69FB-47D1-A009-DA66EC8566A5}.Release|Any CPU.ActiveCfg = Release|Any CPU
		{AF43CE12-69FB-47D1-A009-DA66EC8566A5}.Release|Any CPU.Build.0 = Release|Any CPU
	EndGlobalSection
	GlobalSection(SolutionProperties) = preSolution
		HideSolutionNode = FALSE
	EndGlobalSection
	GlobalSection(ExtensibilityGlobals) = postSolution
		SolutionGuid = {2792063F-AE99-4926-86A8-D93BDBC178E8}
	EndGlobalSection
EndGlobal
